PODS:
  - Alamofire (5.5.0)
  - IQKeyboardManagerSwift (6.5.9)
  - NVActivityIndicatorView (5.1.1):
    - NVActivityIndicatorView/Base (= 5.1.1)
  - NVActivityIndicatorView/Base (5.1.1)
  - Spring (1.0.6)
  - SwiftMessages (9.0.5):
    - SwiftMessages/App (= 9.0.5)
  - SwiftMessages/App (9.0.5)
  - SwiftyJSON (4.3.0)
  - TextFieldEffects (1.6.0)

DEPENDENCIES:
  - Alamofire (~> 5.4)
  - IQKeyboardManagerSwift
  - NVActivityIndicatorView
  - Spring (from `https://github.com/MengTo/Spring.git`)
  - SwiftMessages
  - SwiftyJSON (~> 4.0)
  - TextFieldEffects

SPEC REPOS:
  trunk:
    - Alamofire
    - IQKeyboardManagerSwift
    - NVActivityIndicatorView
    - SwiftMessages
    - SwiftyJSON
    - TextFieldEffects

EXTERNAL SOURCES:
  Spring:
    :git: https://github.com/MengTo/Spring.git

CHECKOUT OPTIONS:
  Spring:
    :commit: 50d92a5b9e08848387ae95bf44c6ad20834f7083
    :git: https://github.com/MengTo/Spring.git

SPEC CHECKSUMS:
  Alamofire: 1c4fb5369c3fe93d2857c780d8bbe09f06f97e7c
  IQKeyboardManagerSwift: 6e839c575c4aa1078d58a596e41244e77abe918f
  NVActivityIndicatorView: 1f6c5687f1171810aa27a3296814dc2d7dec3667
  Spring: 3d113f14575ef79aec9c5f906dfa4f5001c03254
  SwiftMessages: 9cca50659fa22bb523b4dd2a958d4442e843a354
  SwiftyJSON: 6faa0040f8b59dead0ee07436cbf76b73c08fd08
  TextFieldEffects: 529b8aff706fb40f82c41c780c0777941a893796

PODFILE CHECKSUM: 26d0c9fa95552fe466edb79b1afb414f2549d852

COCOAPODS: 1.8.4
